# This file was autogenerated by Stack.
# You should not edit this file by hand.
# For more information, please see the documentation at:
#   https://docs.haskellstack.org/en/stable/lock_files

packages:
- completed:
    commit: 9c7cb88d03104e22f3eece595af949b75e8c60b9
    git: https://github.com/Pctg-x8/haskell-github-actions-workflow-generator
    name: haskell-github-actions-workflow-generator
    pantry-tree:
      sha256: 8716cb8f067775bace81a6da7bb5afa8fd9767f59f3cfa25c1232f0bb13a490f
      size: 4011
    version: 0.1.0.0
  original:
    commit: 9c7cb88d03104e22f3eece595af949b75e8c60b9
    git: https://github.com/Pctg-x8/haskell-github-actions-workflow-generator
snapshots:
- completed:
    sha256: 2fdd7d3e54540062ef75ca0a73ca3a804c527dbf8a4cadafabf340e66ac4af40
    size: 712469
    url: https://raw.githubusercontent.com/commercialhaskell/stackage-snapshots/master/lts/22/11.yaml
  original:
    url: https://raw.githubusercontent.com/commercialhaskell/stackage-snapshots/master/lts/22/11.yaml
