# This file was autogenerated by Stack.
# You should not edit this file by hand.
# For more information, please see the documentation at:
#   https://docs.haskellstack.org/en/stable/lock_files

packages:
- completed:
    commit: fe9d2989bad7e0064aa3c39ca5fd690a90b5a708
    git: https://github.com/Pctg-x8/haskell-github-actions-workflow-generator
    name: haskell-github-actions-workflow-generator
    pantry-tree:
      sha256: c575bdc208116c042a539555a5aa2a090a422018b423a4708561eaa751394737
      size: 4011
    version: 0.1.0.0
  original:
    commit: fe9d2989bad7e0064aa3c39ca5fd690a90b5a708
    git: https://github.com/Pctg-x8/haskell-github-actions-workflow-generator
snapshots:
- completed:
    sha256: 2fdd7d3e54540062ef75ca0a73ca3a804c527dbf8a4cadafabf340e66ac4af40
    size: 712469
    url: https://raw.githubusercontent.com/commercialhaskell/stackage-snapshots/master/lts/22/11.yaml
  original:
    url: https://raw.githubusercontent.com/commercialhaskell/stackage-snapshots/master/lts/22/11.yaml
